
Microsoft Visual Studio Solution File, Format Version 12.00
# Visual Studio 15
VisualStudioVersion = 15.0.27130.2024
MinimumVisualStudioVersion = 10.0.40219.1
Project("{FAE04EC0-301F-11D3-BF4B-00C04F79EFBC}") = "Coddee.Core", "src\Coddee.Core\Coddee.Core.csproj", "{200805C2-E25C-4D1B-AC1E-0DBB5869AEB9}"
EndProject
Project("{2150E333-8FDC-42A3-9474-1A3956D46DE8}") = "Solution Items", "Solution Items", "{19C9FE83-7E75-4009-9BEE-568DFAD14E6D}"
	ProjectSection(SolutionItems) = preProject
		LICENSE.txt = LICENSE.txt
	EndProjectSection
EndProject
Project("{FAE04EC0-301F-11D3-BF4B-00C04F79EFBC}") = "Coddee.WPF", "src\Coddee.WPF\Coddee.WPF.csproj", "{340CE7F7-7E40-4A54-9DE6-968F46BF7D9A}"
EndProject
Project("{FAE04EC0-301F-11D3-BF4B-00C04F79EFBC}") = "Coddee.Windows", "src\Coddee.Windows\Coddee.Windows.csproj", "{91804C4A-4272-4736-8DB9-61A0BBD21642}"
EndProject
Project("{FAE04EC0-301F-11D3-BF4B-00C04F79EFBC}") = "Coddee.Data", "src\Coddee.Data\Coddee.Data.csproj", "{9541018B-0CC1-4237-8370-DF8F20940EED}"
EndProject
Project("{FAE04EC0-301F-11D3-BF4B-00C04F79EFBC}") = "Coddee.Data.LinqToSQL", "src\Coddee.Data.Linq\Coddee.Data.LinqToSQL.csproj", "{B7F174A8-5037-4C30-9E8B-9896315AE855}"
EndProject
Project("{FAE04EC0-301F-11D3-BF4B-00C04F79EFBC}") = "Coddee.Crypto", "src\Coddee.Crypto\Coddee.Crypto.csproj", "{8912BAEF-8AD3-4F8B-A36B-7350746893FA}"
EndProject
Project("{FAE04EC0-301F-11D3-BF4B-00C04F79EFBC}") = "Coddee.Data.REST", "src\Coddee.Data.Rest\Coddee.Data.REST.csproj", "{D37A3BAF-2C12-4947-AA65-C737DACC5B54}"
EndProject
Project("{FAE04EC0-301F-11D3-BF4B-00C04F79EFBC}") = "Coddee.AspNet", "src\Coddee.AspNet\Coddee.AspNet.csproj", "{37CCE7B1-AAD7-4D4A-A783-D7DADEB7F3B7}"
EndProject
Project("{2150E333-8FDC-42A3-9474-1A3956D46DE8}") = "Src", "Src", "{06E26F1F-7F64-4A9B-865F-3D5FD8F3C41F}"
EndProject
Project("{2150E333-8FDC-42A3-9474-1A3956D46DE8}") = "Example", "Example", "{796678F0-69D7-4FEC-894A-4342F7460EB8}"
EndProject
Project("{FAE04EC0-301F-11D3-BF4B-00C04F79EFBC}") = "HR.Data", "Example\HR.Data\HR.Data.csproj", "{218FF723-CEB7-4BEB-834C-538B713839E3}"
EndProject
Project("{FAE04EC0-301F-11D3-BF4B-00C04F79EFBC}") = "HR.Data.LinqToSQL", "Example\HR.Data.LinqToSQL\HR.Data.LinqToSQL.csproj", "{C7CDD99F-B288-45D9-B06C-4AA535E2C4A8}"
EndProject
Project("{FAE04EC0-301F-11D3-BF4B-00C04F79EFBC}") = "HR.Data.REST", "Example\HR.Data.REST\HR.Data.REST.csproj", "{7ACF3991-336E-49EB-835A-B29D6762C483}"
EndProject
Project("{FAE04EC0-301F-11D3-BF4B-00C04F79EFBC}") = "HR.Clients.WPF", "Example\HR.Clients.WPF\HR.Clients.WPF.csproj", "{04C7CF0C-F503-480F-B703-5A2934211668}"
EndProject
Project("{FAE04EC0-301F-11D3-BF4B-00C04F79EFBC}") = "Coddee.Security", "src\Coddee.Security\Coddee.Security.csproj", "{86CFA30D-188C-485D-8DF5-544313D445C7}"
EndProject
Project("{2150E333-8FDC-42A3-9474-1A3956D46DE8}") = "Data", "Data", "{20EB72E0-4414-4165-AA0F-2CCF60C02188}"
EndProject
Project("{2150E333-8FDC-42A3-9474-1A3956D46DE8}") = "Security", "Security", "{E228F0E4-D7AA-4D9C-B38D-FB245FF287ED}"
EndProject
Project("{FAE04EC0-301F-11D3-BF4B-00C04F79EFBC}") = "Coddee.Data.MongoDB", "src\Coddee.Data.MongoDB\Coddee.Data.MongoDB.csproj", "{8750B71C-E3ED-440D-9D2F-7BAA6A30ACD1}"
EndProject
Project("{FAE04EC0-301F-11D3-BF4B-00C04F79EFBC}") = "HR.Data.Mongo", "Example\HR.Data.Mongo\HR.Data.Mongo.csproj", "{70C08F57-4641-427F-AD33-1A280EFDD39F}"
EndProject
Project("{FAE04EC0-301F-11D3-BF4B-00C04F79EFBC}") = "Coddee.SignalR", "src\Coddee.SignalR\Coddee.SignalR.csproj", "{CC93B50A-1D84-4D65-8412-7C4E96D5118C}"
EndProject
Project("{2150E333-8FDC-42A3-9474-1A3956D46DE8}") = "VS-Extensions", "VS-Extensions", "{D526AE67-07CF-4900-BCF8-066F55FAFA65}"
EndProject
Project("{FAE04EC0-301F-11D3-BF4B-00C04F79EFBC}") = "Coddee.VMTemplate", "src\Coddee.VMTemplate\Coddee.VMTemplate.csproj", "{3E50251B-23A6-40BA-8525-A40204BB892A}"
EndProject
Project("{FAE04EC0-301F-11D3-BF4B-00C04F79EFBC}") = "Coddee.VSExtension", "src\Coddee.VSExtension\Coddee.VSExtension.csproj", "{A60855EA-8C2C-4EBC-B11D-F589B0278B1B}"
EndProject
Project("{FAE04EC0-301F-11D3-BF4B-00C04F79EFBC}") = "Coddee.Unity", "src\Coddee.Unity\Coddee.Unity.csproj", "{602298C6-5140-465B-835B-7B79551C84E5}"
EndProject
Project("{FAE04EC0-301F-11D3-BF4B-00C04F79EFBC}") = "HR.Clients.Console", "Example\HR.Clients.Console\HR.Clients.Console.csproj", "{77CC422F-B470-4389-B1DA-B26CC07FA100}"
EndProject
Project("{9A19103F-16F7-4668-BE54-9A1E7A4F7556}") = "HR.Web", "Example\HR.Web\HR.Web.csproj", "{8DEC2F75-02DD-4126-A68E-A7122CFAE017}"
EndProject
Project("{FAE04EC0-301F-11D3-BF4B-00C04F79EFBC}") = "Coddee.CodeTools", "Coddee.CodeTools\Coddee.CodeTools.csproj", "{46562BDE-391D-4033-9F96-21ED349D5C1E}"
EndProject
Project("{FAE04EC0-301F-11D3-BF4B-00C04F79EFBC}") = "Coddee.VsExtensibility", "Coddee.VsExtensibility\Coddee.VsExtensibility.csproj", "{3D3A4B83-F935-49EE-B08F-B71AEE2BE705}"
EndProject
Project("{FAE04EC0-301F-11D3-BF4B-00C04F79EFBC}") = "HR.Clients.Xamarin.Android", "HR.Clients.Xamarin\HR.Clients.Xamarin.Android\HR.Clients.Xamarin.Android.csproj", "{94069B97-99B5-41DA-AE13-E0DF232B8627}"
EndProject
Project("{9A19103F-16F7-4668-BE54-9A1E7A4F7556}") = "HR.Clients.Xamarin", "HR.Clients.Xamarin\HR.Clients.Xamarin\HR.Clients.Xamarin.csproj", "{08C51F2B-8B91-4EA7-8A68-DE9F14EEBFFF}"
EndProject
Project("{FAE04EC0-301F-11D3-BF4B-00C04F79EFBC}") = "Coddee.Xamarin", "Coddee.Xamarin\Coddee.Xamarin.csproj", "{EF69337F-2B0B-4268-96D3-9DBE65BF38E1}"
EndProject
Global
	GlobalSection(SolutionConfigurationPlatforms) = preSolution
		Debug|Any CPU = Debug|Any CPU
		Release|Any CPU = Release|Any CPU
		REST|Any CPU = REST|Any CPU
	EndGlobalSection
	GlobalSection(ProjectConfigurationPlatforms) = postSolution
		{200805C2-E25C-4D1B-AC1E-0DBB5869AEB9}.Debug|Any CPU.ActiveCfg = Debug|Any CPU
		{200805C2-E25C-4D1B-AC1E-0DBB5869AEB9}.Debug|Any CPU.Build.0 = Debug|Any CPU
		{200805C2-E25C-4D1B-AC1E-0DBB5869AEB9}.Release|Any CPU.ActiveCfg = Release|Any CPU
		{200805C2-E25C-4D1B-AC1E-0DBB5869AEB9}.Release|Any CPU.Build.0 = Release|Any CPU
		{200805C2-E25C-4D1B-AC1E-0DBB5869AEB9}.REST|Any CPU.ActiveCfg = REST|Any CPU
		{200805C2-E25C-4D1B-AC1E-0DBB5869AEB9}.REST|Any CPU.Build.0 = REST|Any CPU
		{340CE7F7-7E40-4A54-9DE6-968F46BF7D9A}.Debug|Any CPU.ActiveCfg = Debug|Any CPU
		{340CE7F7-7E40-4A54-9DE6-968F46BF7D9A}.Debug|Any CPU.Build.0 = Debug|Any CPU
		{340CE7F7-7E40-4A54-9DE6-968F46BF7D9A}.Release|Any CPU.ActiveCfg = Release|Any CPU
		{340CE7F7-7E40-4A54-9DE6-968F46BF7D9A}.Release|Any CPU.Build.0 = Release|Any CPU
		{340CE7F7-7E40-4A54-9DE6-968F46BF7D9A}.REST|Any CPU.ActiveCfg = REST|Any CPU
		{340CE7F7-7E40-4A54-9DE6-968F46BF7D9A}.REST|Any CPU.Build.0 = REST|Any CPU
		{91804C4A-4272-4736-8DB9-61A0BBD21642}.Debug|Any CPU.ActiveCfg = Debug|Any CPU
		{91804C4A-4272-4736-8DB9-61A0BBD21642}.Debug|Any CPU.Build.0 = Debug|Any CPU
		{91804C4A-4272-4736-8DB9-61A0BBD21642}.Release|Any CPU.ActiveCfg = Release|Any CPU
		{91804C4A-4272-4736-8DB9-61A0BBD21642}.Release|Any CPU.Build.0 = Release|Any CPU
		{91804C4A-4272-4736-8DB9-61A0BBD21642}.REST|Any CPU.ActiveCfg = REST|Any CPU
		{91804C4A-4272-4736-8DB9-61A0BBD21642}.REST|Any CPU.Build.0 = REST|Any CPU
		{9541018B-0CC1-4237-8370-DF8F20940EED}.Debug|Any CPU.ActiveCfg = Debug|Any CPU
		{9541018B-0CC1-4237-8370-DF8F20940EED}.Debug|Any CPU.Build.0 = Debug|Any CPU
		{9541018B-0CC1-4237-8370-DF8F20940EED}.Release|Any CPU.ActiveCfg = Release|Any CPU
		{9541018B-0CC1-4237-8370-DF8F20940EED}.Release|Any CPU.Build.0 = Release|Any CPU
		{9541018B-0CC1-4237-8370-DF8F20940EED}.REST|Any CPU.ActiveCfg = REST|Any CPU
		{9541018B-0CC1-4237-8370-DF8F20940EED}.REST|Any CPU.Build.0 = REST|Any CPU
		{B7F174A8-5037-4C30-9E8B-9896315AE855}.Debug|Any CPU.ActiveCfg = Debug|Any CPU
		{B7F174A8-5037-4C30-9E8B-9896315AE855}.Debug|Any CPU.Build.0 = Debug|Any CPU
		{B7F174A8-5037-4C30-9E8B-9896315AE855}.Release|Any CPU.ActiveCfg = Release|Any CPU
		{B7F174A8-5037-4C30-9E8B-9896315AE855}.Release|Any CPU.Build.0 = Release|Any CPU
		{B7F174A8-5037-4C30-9E8B-9896315AE855}.REST|Any CPU.ActiveCfg = REST|Any CPU
		{B7F174A8-5037-4C30-9E8B-9896315AE855}.REST|Any CPU.Build.0 = REST|Any CPU
		{8912BAEF-8AD3-4F8B-A36B-7350746893FA}.Debug|Any CPU.ActiveCfg = Debug|Any CPU
		{8912BAEF-8AD3-4F8B-A36B-7350746893FA}.Debug|Any CPU.Build.0 = Debug|Any CPU
		{8912BAEF-8AD3-4F8B-A36B-7350746893FA}.Release|Any CPU.ActiveCfg = Release|Any CPU
		{8912BAEF-8AD3-4F8B-A36B-7350746893FA}.Release|Any CPU.Build.0 = Release|Any CPU
		{8912BAEF-8AD3-4F8B-A36B-7350746893FA}.REST|Any CPU.ActiveCfg = REST|Any CPU
		{8912BAEF-8AD3-4F8B-A36B-7350746893FA}.REST|Any CPU.Build.0 = REST|Any CPU
		{D37A3BAF-2C12-4947-AA65-C737DACC5B54}.Debug|Any CPU.ActiveCfg = Debug|Any CPU
		{D37A3BAF-2C12-4947-AA65-C737DACC5B54}.Debug|Any CPU.Build.0 = Debug|Any CPU
		{D37A3BAF-2C12-4947-AA65-C737DACC5B54}.Release|Any CPU.ActiveCfg = Release|Any CPU
		{D37A3BAF-2C12-4947-AA65-C737DACC5B54}.Release|Any CPU.Build.0 = Release|Any CPU
		{D37A3BAF-2C12-4947-AA65-C737DACC5B54}.REST|Any CPU.ActiveCfg = REST|Any CPU
		{D37A3BAF-2C12-4947-AA65-C737DACC5B54}.REST|Any CPU.Build.0 = REST|Any CPU
		{37CCE7B1-AAD7-4D4A-A783-D7DADEB7F3B7}.Debug|Any CPU.ActiveCfg = Debug|Any CPU
		{37CCE7B1-AAD7-4D4A-A783-D7DADEB7F3B7}.Debug|Any CPU.Build.0 = Debug|Any CPU
		{37CCE7B1-AAD7-4D4A-A783-D7DADEB7F3B7}.Release|Any CPU.ActiveCfg = Release|Any CPU
		{37CCE7B1-AAD7-4D4A-A783-D7DADEB7F3B7}.Release|Any CPU.Build.0 = Release|Any CPU
		{37CCE7B1-AAD7-4D4A-A783-D7DADEB7F3B7}.REST|Any CPU.ActiveCfg = Release|Any CPU
		{37CCE7B1-AAD7-4D4A-A783-D7DADEB7F3B7}.REST|Any CPU.Build.0 = Release|Any CPU
		{218FF723-CEB7-4BEB-834C-538B713839E3}.Debug|Any CPU.ActiveCfg = Debug|Any CPU
		{218FF723-CEB7-4BEB-834C-538B713839E3}.Debug|Any CPU.Build.0 = Debug|Any CPU
		{218FF723-CEB7-4BEB-834C-538B713839E3}.Release|Any CPU.ActiveCfg = Release|Any CPU
		{218FF723-CEB7-4BEB-834C-538B713839E3}.Release|Any CPU.Build.0 = Release|Any CPU
		{218FF723-CEB7-4BEB-834C-538B713839E3}.REST|Any CPU.ActiveCfg = Release|Any CPU
		{218FF723-CEB7-4BEB-834C-538B713839E3}.REST|Any CPU.Build.0 = Release|Any CPU
		{C7CDD99F-B288-45D9-B06C-4AA535E2C4A8}.Debug|Any CPU.ActiveCfg = Debug|Any CPU
		{C7CDD99F-B288-45D9-B06C-4AA535E2C4A8}.Debug|Any CPU.Build.0 = Debug|Any CPU
		{C7CDD99F-B288-45D9-B06C-4AA535E2C4A8}.Release|Any CPU.ActiveCfg = Release|Any CPU
		{C7CDD99F-B288-45D9-B06C-4AA535E2C4A8}.Release|Any CPU.Build.0 = Release|Any CPU
		{C7CDD99F-B288-45D9-B06C-4AA535E2C4A8}.REST|Any CPU.ActiveCfg = Release|Any CPU
		{C7CDD99F-B288-45D9-B06C-4AA535E2C4A8}.REST|Any CPU.Build.0 = Release|Any CPU
		{7ACF3991-336E-49EB-835A-B29D6762C483}.Debug|Any CPU.ActiveCfg = Debug|Any CPU
		{7ACF3991-336E-49EB-835A-B29D6762C483}.Debug|Any CPU.Build.0 = Debug|Any CPU
		{7ACF3991-336E-49EB-835A-B29D6762C483}.Release|Any CPU.ActiveCfg = Release|Any CPU
		{7ACF3991-336E-49EB-835A-B29D6762C483}.Release|Any CPU.Build.0 = Release|Any CPU
		{7ACF3991-336E-49EB-835A-B29D6762C483}.REST|Any CPU.ActiveCfg = Release|Any CPU
		{7ACF3991-336E-49EB-835A-B29D6762C483}.REST|Any CPU.Build.0 = Release|Any CPU
		{04C7CF0C-F503-480F-B703-5A2934211668}.Debug|Any CPU.ActiveCfg = Debug|Any CPU
		{04C7CF0C-F503-480F-B703-5A2934211668}.Debug|Any CPU.Build.0 = Debug|Any CPU
		{04C7CF0C-F503-480F-B703-5A2934211668}.Release|Any CPU.ActiveCfg = Release|Any CPU
		{04C7CF0C-F503-480F-B703-5A2934211668}.Release|Any CPU.Build.0 = Release|Any CPU
		{04C7CF0C-F503-480F-B703-5A2934211668}.REST|Any CPU.ActiveCfg = Release|Any CPU
		{04C7CF0C-F503-480F-B703-5A2934211668}.REST|Any CPU.Build.0 = Release|Any CPU
		{86CFA30D-188C-485D-8DF5-544313D445C7}.Debug|Any CPU.ActiveCfg = Debug|Any CPU
		{86CFA30D-188C-485D-8DF5-544313D445C7}.Debug|Any CPU.Build.0 = Debug|Any CPU
		{86CFA30D-188C-485D-8DF5-544313D445C7}.Release|Any CPU.ActiveCfg = Release|Any CPU
		{86CFA30D-188C-485D-8DF5-544313D445C7}.Release|Any CPU.Build.0 = Release|Any CPU
		{86CFA30D-188C-485D-8DF5-544313D445C7}.REST|Any CPU.ActiveCfg = Release|Any CPU
		{86CFA30D-188C-485D-8DF5-544313D445C7}.REST|Any CPU.Build.0 = Release|Any CPU
		{8750B71C-E3ED-440D-9D2F-7BAA6A30ACD1}.Debug|Any CPU.ActiveCfg = Debug|Any CPU
		{8750B71C-E3ED-440D-9D2F-7BAA6A30ACD1}.Debug|Any CPU.Build.0 = Debug|Any CPU
		{8750B71C-E3ED-440D-9D2F-7BAA6A30ACD1}.Release|Any CPU.ActiveCfg = Release|Any CPU
		{8750B71C-E3ED-440D-9D2F-7BAA6A30ACD1}.Release|Any CPU.Build.0 = Release|Any CPU
		{8750B71C-E3ED-440D-9D2F-7BAA6A30ACD1}.REST|Any CPU.ActiveCfg = Release|Any CPU
		{8750B71C-E3ED-440D-9D2F-7BAA6A30ACD1}.REST|Any CPU.Build.0 = Release|Any CPU
		{70C08F57-4641-427F-AD33-1A280EFDD39F}.Debug|Any CPU.ActiveCfg = Debug|Any CPU
		{70C08F57-4641-427F-AD33-1A280EFDD39F}.Debug|Any CPU.Build.0 = Debug|Any CPU
		{70C08F57-4641-427F-AD33-1A280EFDD39F}.Release|Any CPU.ActiveCfg = Release|Any CPU
		{70C08F57-4641-427F-AD33-1A280EFDD39F}.Release|Any CPU.Build.0 = Release|Any CPU
		{70C08F57-4641-427F-AD33-1A280EFDD39F}.REST|Any CPU.ActiveCfg = Release|Any CPU
		{70C08F57-4641-427F-AD33-1A280EFDD39F}.REST|Any CPU.Build.0 = Release|Any CPU
		{CC93B50A-1D84-4D65-8412-7C4E96D5118C}.Debug|Any CPU.ActiveCfg = Debug|Any CPU
		{CC93B50A-1D84-4D65-8412-7C4E96D5118C}.Debug|Any CPU.Build.0 = Debug|Any CPU
		{CC93B50A-1D84-4D65-8412-7C4E96D5118C}.Release|Any CPU.ActiveCfg = Release|Any CPU
		{CC93B50A-1D84-4D65-8412-7C4E96D5118C}.Release|Any CPU.Build.0 = Release|Any CPU
		{CC93B50A-1D84-4D65-8412-7C4E96D5118C}.REST|Any CPU.ActiveCfg = Release|Any CPU
		{CC93B50A-1D84-4D65-8412-7C4E96D5118C}.REST|Any CPU.Build.0 = Release|Any CPU
		{3E50251B-23A6-40BA-8525-A40204BB892A}.Debug|Any CPU.ActiveCfg = Debug|Any CPU
		{3E50251B-23A6-40BA-8525-A40204BB892A}.Debug|Any CPU.Build.0 = Debug|Any CPU
		{3E50251B-23A6-40BA-8525-A40204BB892A}.Release|Any CPU.ActiveCfg = Release|Any CPU
		{3E50251B-23A6-40BA-8525-A40204BB892A}.Release|Any CPU.Build.0 = Release|Any CPU
		{3E50251B-23A6-40BA-8525-A40204BB892A}.REST|Any CPU.ActiveCfg = Release|Any CPU
		{3E50251B-23A6-40BA-8525-A40204BB892A}.REST|Any CPU.Build.0 = Release|Any CPU
		{A60855EA-8C2C-4EBC-B11D-F589B0278B1B}.Debug|Any CPU.ActiveCfg = Debug|Any CPU
		{A60855EA-8C2C-4EBC-B11D-F589B0278B1B}.Debug|Any CPU.Build.0 = Debug|Any CPU
		{A60855EA-8C2C-4EBC-B11D-F589B0278B1B}.Release|Any CPU.ActiveCfg = Release|Any CPU
		{A60855EA-8C2C-4EBC-B11D-F589B0278B1B}.Release|Any CPU.Build.0 = Release|Any CPU
		{A60855EA-8C2C-4EBC-B11D-F589B0278B1B}.REST|Any CPU.ActiveCfg = Release|Any CPU
		{A60855EA-8C2C-4EBC-B11D-F589B0278B1B}.REST|Any CPU.Build.0 = Release|Any CPU
		{602298C6-5140-465B-835B-7B79551C84E5}.Debug|Any CPU.ActiveCfg = Debug|Any CPU
		{602298C6-5140-465B-835B-7B79551C84E5}.Debug|Any CPU.Build.0 = Debug|Any CPU
		{602298C6-5140-465B-835B-7B79551C84E5}.Release|Any CPU.ActiveCfg = Release|Any CPU
		{602298C6-5140-465B-835B-7B79551C84E5}.Release|Any CPU.Build.0 = Release|Any CPU
		{602298C6-5140-465B-835B-7B79551C84E5}.REST|Any CPU.ActiveCfg = Release|Any CPU
		{602298C6-5140-465B-835B-7B79551C84E5}.REST|Any CPU.Build.0 = Release|Any CPU
		{77CC422F-B470-4389-B1DA-B26CC07FA100}.Debug|Any CPU.ActiveCfg = Debug|Any CPU
		{77CC422F-B470-4389-B1DA-B26CC07FA100}.Debug|Any CPU.Build.0 = Debug|Any CPU
		{77CC422F-B470-4389-B1DA-B26CC07FA100}.Release|Any CPU.ActiveCfg = Release|Any CPU
		{77CC422F-B470-4389-B1DA-B26CC07FA100}.Release|Any CPU.Build.0 = Release|Any CPU
		{77CC422F-B470-4389-B1DA-B26CC07FA100}.REST|Any CPU.ActiveCfg = Release|Any CPU
		{77CC422F-B470-4389-B1DA-B26CC07FA100}.REST|Any CPU.Build.0 = Release|Any CPU
		{8DEC2F75-02DD-4126-A68E-A7122CFAE017}.Debug|Any CPU.ActiveCfg = Debug|Any CPU
		{8DEC2F75-02DD-4126-A68E-A7122CFAE017}.Debug|Any CPU.Build.0 = Debug|Any CPU
		{8DEC2F75-02DD-4126-A68E-A7122CFAE017}.Release|Any CPU.ActiveCfg = Release|Any CPU
		{8DEC2F75-02DD-4126-A68E-A7122CFAE017}.Release|Any CPU.Build.0 = Release|Any CPU
		{8DEC2F75-02DD-4126-A68E-A7122CFAE017}.REST|Any CPU.ActiveCfg = Release|Any CPU
		{8DEC2F75-02DD-4126-A68E-A7122CFAE017}.REST|Any CPU.Build.0 = Release|Any CPU
		{46562BDE-391D-4033-9F96-21ED349D5C1E}.Debug|Any CPU.ActiveCfg = Debug|Any CPU
		{46562BDE-391D-4033-9F96-21ED349D5C1E}.Debug|Any CPU.Build.0 = Debug|Any CPU
		{46562BDE-391D-4033-9F96-21ED349D5C1E}.Release|Any CPU.ActiveCfg = Release|Any CPU
		{46562BDE-391D-4033-9F96-21ED349D5C1E}.Release|Any CPU.Build.0 = Release|Any CPU
		{46562BDE-391D-4033-9F96-21ED349D5C1E}.REST|Any CPU.ActiveCfg = Release|Any CPU
		{46562BDE-391D-4033-9F96-21ED349D5C1E}.REST|Any CPU.Build.0 = Release|Any CPU
		{3D3A4B83-F935-49EE-B08F-B71AEE2BE705}.Debug|Any CPU.ActiveCfg = Debug|Any CPU
		{3D3A4B83-F935-49EE-B08F-B71AEE2BE705}.Debug|Any CPU.Build.0 = Debug|Any CPU
		{3D3A4B83-F935-49EE-B08F-B71AEE2BE705}.Release|Any CPU.ActiveCfg = Release|Any CPU
		{3D3A4B83-F935-49EE-B08F-B71AEE2BE705}.Release|Any CPU.Build.0 = Release|Any CPU
		{3D3A4B83-F935-49EE-B08F-B71AEE2BE705}.REST|Any CPU.ActiveCfg = Release|Any CPU
		{3D3A4B83-F935-49EE-B08F-B71AEE2BE705}.REST|Any CPU.Build.0 = Release|Any CPU
		{94069B97-99B5-41DA-AE13-E0DF232B8627}.Debug|Any CPU.ActiveCfg = Debug|Any CPU
		{94069B97-99B5-41DA-AE13-E0DF232B8627}.Debug|Any CPU.Build.0 = Debug|Any CPU
		{94069B97-99B5-41DA-AE13-E0DF232B8627}.Debug|Any CPU.Deploy.0 = Debug|Any CPU
		{94069B97-99B5-41DA-AE13-E0DF232B8627}.Release|Any CPU.ActiveCfg = Release|Any CPU
		{94069B97-99B5-41DA-AE13-E0DF232B8627}.Release|Any CPU.Build.0 = Release|Any CPU
		{94069B97-99B5-41DA-AE13-E0DF232B8627}.Release|Any CPU.Deploy.0 = Release|Any CPU
		{94069B97-99B5-41DA-AE13-E0DF232B8627}.REST|Any CPU.ActiveCfg = Release|Any CPU
		{94069B97-99B5-41DA-AE13-E0DF232B8627}.REST|Any CPU.Build.0 = Release|Any CPU
		{94069B97-99B5-41DA-AE13-E0DF232B8627}.REST|Any CPU.Deploy.0 = Release|Any CPU
		{08C51F2B-8B91-4EA7-8A68-DE9F14EEBFFF}.Debug|Any CPU.ActiveCfg = Debug|Any CPU
		{08C51F2B-8B91-4EA7-8A68-DE9F14EEBFFF}.Debug|Any CPU.Build.0 = Debug|Any CPU
		{08C51F2B-8B91-4EA7-8A68-DE9F14EEBFFF}.Release|Any CPU.ActiveCfg = Release|Any CPU
		{08C51F2B-8B91-4EA7-8A68-DE9F14EEBFFF}.Release|Any CPU.Build.0 = Release|Any CPU
		{08C51F2B-8B91-4EA7-8A68-DE9F14EEBFFF}.REST|Any CPU.ActiveCfg = Release|Any CPU
		{08C51F2B-8B91-4EA7-8A68-DE9F14EEBFFF}.REST|Any CPU.Build.0 = Release|Any CPU
		{EF69337F-2B0B-4268-96D3-9DBE65BF38E1}.Debug|Any CPU.ActiveCfg = Debug|Any CPU
		{EF69337F-2B0B-4268-96D3-9DBE65BF38E1}.Debug|Any CPU.Build.0 = Debug|Any CPU
		{EF69337F-2B0B-4268-96D3-9DBE65BF38E1}.Release|Any CPU.ActiveCfg = Release|Any CPU
		{EF69337F-2B0B-4268-96D3-9DBE65BF38E1}.Release|Any CPU.Build.0 = Release|Any CPU
		{EF69337F-2B0B-4268-96D3-9DBE65BF38E1}.REST|Any CPU.ActiveCfg = Release|Any CPU
		{EF69337F-2B0B-4268-96D3-9DBE65BF38E1}.REST|Any CPU.Build.0 = Release|Any CPU
	EndGlobalSection
	GlobalSection(SolutionProperties) = preSolution
		HideSolutionNode = FALSE
	EndGlobalSection
	GlobalSection(NestedProjects) = preSolution
		{200805C2-E25C-4D1B-AC1E-0DBB5869AEB9} = {06E26F1F-7F64-4A9B-865F-3D5FD8F3C41F}
		{340CE7F7-7E40-4A54-9DE6-968F46BF7D9A} = {06E26F1F-7F64-4A9B-865F-3D5FD8F3C41F}
		{91804C4A-4272-4736-8DB9-61A0BBD21642} = {06E26F1F-7F64-4A9B-865F-3D5FD8F3C41F}
		{9541018B-0CC1-4237-8370-DF8F20940EED} = {20EB72E0-4414-4165-AA0F-2CCF60C02188}
		{B7F174A8-5037-4C30-9E8B-9896315AE855} = {20EB72E0-4414-4165-AA0F-2CCF60C02188}
		{8912BAEF-8AD3-4F8B-A36B-7350746893FA} = {E228F0E4-D7AA-4D9C-B38D-FB245FF287ED}
		{D37A3BAF-2C12-4947-AA65-C737DACC5B54} = {20EB72E0-4414-4165-AA0F-2CCF60C02188}
		{37CCE7B1-AAD7-4D4A-A783-D7DADEB7F3B7} = {06E26F1F-7F64-4A9B-865F-3D5FD8F3C41F}
		{218FF723-CEB7-4BEB-834C-538B713839E3} = {796678F0-69D7-4FEC-894A-4342F7460EB8}
		{C7CDD99F-B288-45D9-B06C-4AA535E2C4A8} = {796678F0-69D7-4FEC-894A-4342F7460EB8}
		{7ACF3991-336E-49EB-835A-B29D6762C483} = {796678F0-69D7-4FEC-894A-4342F7460EB8}
		{04C7CF0C-F503-480F-B703-5A2934211668} = {796678F0-69D7-4FEC-894A-4342F7460EB8}
		{86CFA30D-188C-485D-8DF5-544313D445C7} = {E228F0E4-D7AA-4D9C-B38D-FB245FF287ED}
		{20EB72E0-4414-4165-AA0F-2CCF60C02188} = {06E26F1F-7F64-4A9B-865F-3D5FD8F3C41F}
		{E228F0E4-D7AA-4D9C-B38D-FB245FF287ED} = {06E26F1F-7F64-4A9B-865F-3D5FD8F3C41F}
		{8750B71C-E3ED-440D-9D2F-7BAA6A30ACD1} = {20EB72E0-4414-4165-AA0F-2CCF60C02188}
		{70C08F57-4641-427F-AD33-1A280EFDD39F} = {796678F0-69D7-4FEC-894A-4342F7460EB8}
		{CC93B50A-1D84-4D65-8412-7C4E96D5118C} = {06E26F1F-7F64-4A9B-865F-3D5FD8F3C41F}
		{D526AE67-07CF-4900-BCF8-066F55FAFA65} = {06E26F1F-7F64-4A9B-865F-3D5FD8F3C41F}
		{3E50251B-23A6-40BA-8525-A40204BB892A} = {D526AE67-07CF-4900-BCF8-066F55FAFA65}
		{A60855EA-8C2C-4EBC-B11D-F589B0278B1B} = {D526AE67-07CF-4900-BCF8-066F55FAFA65}
		{602298C6-5140-465B-835B-7B79551C84E5} = {06E26F1F-7F64-4A9B-865F-3D5FD8F3C41F}
		{77CC422F-B470-4389-B1DA-B26CC07FA100} = {796678F0-69D7-4FEC-894A-4342F7460EB8}
		{8DEC2F75-02DD-4126-A68E-A7122CFAE017} = {796678F0-69D7-4FEC-894A-4342F7460EB8}
		{46562BDE-391D-4033-9F96-21ED349D5C1E} = {D526AE67-07CF-4900-BCF8-066F55FAFA65}
		{3D3A4B83-F935-49EE-B08F-B71AEE2BE705} = {D526AE67-07CF-4900-BCF8-066F55FAFA65}
		{94069B97-99B5-41DA-AE13-E0DF232B8627} = {796678F0-69D7-4FEC-894A-4342F7460EB8}
		{08C51F2B-8B91-4EA7-8A68-DE9F14EEBFFF} = {796678F0-69D7-4FEC-894A-4342F7460EB8}
		{EF69337F-2B0B-4268-96D3-9DBE65BF38E1} = {06E26F1F-7F64-4A9B-865F-3D5FD8F3C41F}
	EndGlobalSection
	GlobalSection(ExtensibilityGlobals) = postSolution
		SolutionGuid = {18A1216E-BFA6-42AD-AA04-5E04ED656E14}
	EndGlobalSection
EndGlobal
